
Microsoft Visual Studio Solution File, Format Version 12.00
# Visual Studio Version 17
VisualStudioVersion = 17.3.32922.545
MinimumVisualStudioVersion = 10.0.40219.1
Project("{FAE04EC0-301F-11D3-BF4B-00C04F79EFBC}") = "ASP.NET_CORE_WEB_APP_MVC_SHOP", "ASP.NET_CORE_WEB_APP_MVC_SHOP\ASP.NET_CORE_WEB_APP_MVC_SHOP.csproj", "{B2CCB291-2850-4C38-A205-BB4E7B9FB429}"
EndProject
Global
	GlobalSection(SolutionConfigurationPlatforms) = preSolution
		Debug|Any CPU = Debug|Any CPU
		Release|Any CPU = Release|Any CPU
	EndGlobalSection
	GlobalSection(ProjectConfigurationPlatforms) = postSolution
		{B2CCB291-2850-4C38-A205-BB4E7B9FB429}.Debug|Any CPU.ActiveCfg = Debug|Any CPU
		{B2CCB291-2850-4C38-A205-BB4E7B9FB429}.Debug|Any CPU.Build.0 = Debug|Any CPU
		{B2CCB291-2850-4C38-A205-BB4E7B9FB429}.Release|Any CPU.ActiveCfg = Release|Any CPU
		{B2CCB291-2850-4C38-A205-BB4E7B9FB429}.Release|Any CPU.Build.0 = Release|Any CPU
	EndGlobalSection
	GlobalSection(SolutionProperties) = preSolution
		HideSolutionNode = FALSE
	EndGlobalSection
	GlobalSection(ExtensibilityGlobals) = postSolution
		SolutionGuid = {C86F2C0C-CFE4-469E-9D93-63D089B47382}
	EndGlobalSection
EndGlobal
